
Microsoft Visual Studio Solution File, Format Version 12.00
# Visual Studio Version 17
VisualStudioVersion = 17.8.34525.116
MinimumVisualStudioVersion = 10.0.40219.1
Project("{FAE04EC0-301F-11D3-BF4B-00C04F79EFBC}") = "Ryan-Chang-CPT-185-Lab-9", "Ryan-Chang-CPT-185-Lab-9.csproj", "{DDED2BD0-C45C-45CF-8714-817450FF4204}"
EndProject
Global
	GlobalSection(SolutionConfigurationPlatforms) = preSolution
		Debug|Any CPU = Debug|Any CPU
		Release|Any CPU = Release|Any CPU
	EndGlobalSection
	GlobalSection(ProjectConfigurationPlatforms) = postSolution
		{DDED2BD0-C45C-45CF-8714-817450FF4204}.Debug|Any CPU.ActiveCfg = Debug|Any CPU
		{DDED2BD0-C45C-45CF-8714-817450FF4204}.Debug|Any CPU.Build.0 = Debug|Any CPU
		{DDED2BD0-C45C-45CF-8714-817450FF4204}.Release|Any CPU.ActiveCfg = Release|Any CPU
		{DDED2BD0-C45C-45CF-8714-817450FF4204}.Release|Any CPU.Build.0 = Release|Any CPU
	EndGlobalSection
	GlobalSection(SolutionProperties) = preSolution
		HideSolutionNode = FALSE
	EndGlobalSection
	GlobalSection(ExtensibilityGlobals) = postSolution
		SolutionGuid = {CE9A5F18-831A-41B2-9367-005D9B3246EC}
	EndGlobalSection
EndGlobal
