
Microsoft Visual Studio Solution File, Format Version 12.00
# Visual Studio Version 17
VisualStudioVersion = 17.8.34525.116
MinimumVisualStudioVersion = 10.0.40219.1
Project("{FAE04EC0-301F-11D3-BF4B-00C04F79EFBC}") = "Ryan-Chang-Final-Project-CPT-185", "Ryan-Chang-Final-Project-CPT-185.csproj", "{0334D942-8852-4417-9DE6-4E833918B744}"
EndProject
Global
	GlobalSection(SolutionConfigurationPlatforms) = preSolution
		Debug|Any CPU = Debug|Any CPU
		Release|Any CPU = Release|Any CPU
	EndGlobalSection
	GlobalSection(ProjectConfigurationPlatforms) = postSolution
		{0334D942-8852-4417-9DE6-4E833918B744}.Debug|Any CPU.ActiveCfg = Debug|Any CPU
		{0334D942-8852-4417-9DE6-4E833918B744}.Debug|Any CPU.Build.0 = Debug|Any CPU
		{0334D942-8852-4417-9DE6-4E833918B744}.Release|Any CPU.ActiveCfg = Release|Any CPU
		{0334D942-8852-4417-9DE6-4E833918B744}.Release|Any CPU.Build.0 = Release|Any CPU
	EndGlobalSection
	GlobalSection(SolutionProperties) = preSolution
		HideSolutionNode = FALSE
	EndGlobalSection
	GlobalSection(ExtensibilityGlobals) = postSolution
		SolutionGuid = {9D82C2B9-E0E6-4A5A-800F-F7EA939C4F60}
	EndGlobalSection
EndGlobal
