
Microsoft Visual Studio Solution File, Format Version 12.00
# Visual Studio Version 17
VisualStudioVersion = 17.8.34525.116
MinimumVisualStudioVersion = 10.0.40219.1
Project("{FAE04EC0-301F-11D3-BF4B-00C04F79EFBC}") = "RChangLab5-CPT-206", "RChangLab5-CPT-206.csproj", "{84DE9494-8F12-431E-865C-7DFA43BE72FB}"
EndProject
Project("{9A19103F-16F7-4668-BE54-9A1E7A4F7556}") = "Northwind.Common.DataContext.SqlServer", "..\WebDev\WebDev\Northwind.Common.DataContext.SqlServer\Northwind.Common.DataContext.SqlServer.csproj", "{BF4D25AB-ECF2-4DA0-9F59-B76A9E03B31A}"
EndProject
Project("{9A19103F-16F7-4668-BE54-9A1E7A4F7556}") = "Northwind.Common.EntityModels.SqlServer", "..\WebDev\WebDev\Northwind.Common.EntityModels.SqlServer\Northwind.Common.EntityModels.SqlServer.csproj", "{4CF88DE9-74C0-4854-AC56-2F51BB329793}"
EndProject
Global
	GlobalSection(SolutionConfigurationPlatforms) = preSolution
		Debug|Any CPU = Debug|Any CPU
		Release|Any CPU = Release|Any CPU
	EndGlobalSection
	GlobalSection(ProjectConfigurationPlatforms) = postSolution
		{84DE9494-8F12-431E-865C-7DFA43BE72FB}.Debug|Any CPU.ActiveCfg = Debug|Any CPU
		{84DE9494-8F12-431E-865C-7DFA43BE72FB}.Debug|Any CPU.Build.0 = Debug|Any CPU
		{84DE9494-8F12-431E-865C-7DFA43BE72FB}.Release|Any CPU.ActiveCfg = Release|Any CPU
		{84DE9494-8F12-431E-865C-7DFA43BE72FB}.Release|Any CPU.Build.0 = Release|Any CPU
		{BF4D25AB-ECF2-4DA0-9F59-B76A9E03B31A}.Debug|Any CPU.ActiveCfg = Debug|Any CPU
		{BF4D25AB-ECF2-4DA0-9F59-B76A9E03B31A}.Debug|Any CPU.Build.0 = Debug|Any CPU
		{BF4D25AB-ECF2-4DA0-9F59-B76A9E03B31A}.Release|Any CPU.ActiveCfg = Release|Any CPU
		{BF4D25AB-ECF2-4DA0-9F59-B76A9E03B31A}.Release|Any CPU.Build.0 = Release|Any CPU
		{4CF88DE9-74C0-4854-AC56-2F51BB329793}.Debug|Any CPU.ActiveCfg = Debug|Any CPU
		{4CF88DE9-74C0-4854-AC56-2F51BB329793}.Debug|Any CPU.Build.0 = Debug|Any CPU
		{4CF88DE9-74C0-4854-AC56-2F51BB329793}.Release|Any CPU.ActiveCfg = Release|Any CPU
		{4CF88DE9-74C0-4854-AC56-2F51BB329793}.Release|Any CPU.Build.0 = Release|Any CPU
	EndGlobalSection
	GlobalSection(SolutionProperties) = preSolution
		HideSolutionNode = FALSE
	EndGlobalSection
	GlobalSection(ExtensibilityGlobals) = postSolution
		SolutionGuid = {1DFB3451-FFE9-463E-B358-1A70315BB26C}
	EndGlobalSection
EndGlobal
