
Microsoft Visual Studio Solution File, Format Version 12.00
# Visual Studio Version 17
VisualStudioVersion = 17.8.34525.116
MinimumVisualStudioVersion = 10.0.40219.1
Project("{FAE04EC0-301F-11D3-BF4B-00C04F79EFBC}") = "Ryan-Chang-CPT-185-Lab-1", "Ryan-Chang-CPT-185-Lab-1.csproj", "{7E5D7B00-35A6-45D1-82D3-27833A12F6E8}"
EndProject
Global
	GlobalSection(SolutionConfigurationPlatforms) = preSolution
		Debug|Any CPU = Debug|Any CPU
		Release|Any CPU = Release|Any CPU
	EndGlobalSection
	GlobalSection(ProjectConfigurationPlatforms) = postSolution
		{7E5D7B00-35A6-45D1-82D3-27833A12F6E8}.Debug|Any CPU.ActiveCfg = Debug|Any CPU
		{7E5D7B00-35A6-45D1-82D3-27833A12F6E8}.Debug|Any CPU.Build.0 = Debug|Any CPU
		{7E5D7B00-35A6-45D1-82D3-27833A12F6E8}.Release|Any CPU.ActiveCfg = Release|Any CPU
		{7E5D7B00-35A6-45D1-82D3-27833A12F6E8}.Release|Any CPU.Build.0 = Release|Any CPU
	EndGlobalSection
	GlobalSection(SolutionProperties) = preSolution
		HideSolutionNode = FALSE
	EndGlobalSection
	GlobalSection(ExtensibilityGlobals) = postSolution
		SolutionGuid = {07A8F75F-406F-4E62-8A98-51AE18183654}
	EndGlobalSection
EndGlobal
